
Microsoft Visual Studio Solution File, Format Version 12.00
# Visual Studio Version 17
VisualStudioVersion = 17.3.32929.385
MinimumVisualStudioVersion = 10.0.40219.1
Project("{9A19103F-16F7-4668-BE54-9A1E7A4F7556}") = "AppointmentAppBackend", "AppointmentAppBackend\AppointmentAppBackend.csproj", "{BBF83A76-EFEA-4051-83CE-BC35BE1051E6}"
EndProject
Global
	GlobalSection(SolutionConfigurationPlatforms) = preSolution
		Debug|Any CPU = Debug|Any CPU
		Release|Any CPU = Release|Any CPU
	EndGlobalSection
	GlobalSection(ProjectConfigurationPlatforms) = postSolution
		{BBF83A76-EFEA-4051-83CE-BC35BE1051E6}.Debug|Any CPU.ActiveCfg = Debug|Any CPU
		{BBF83A76-EFEA-4051-83CE-BC35BE1051E6}.Debug|Any CPU.Build.0 = Debug|Any CPU
		{BBF83A76-EFEA-4051-83CE-BC35BE1051E6}.Release|Any CPU.ActiveCfg = Release|Any CPU
		{BBF83A76-EFEA-4051-83CE-BC35BE1051E6}.Release|Any CPU.Build.0 = Release|Any CPU
	EndGlobalSection
	GlobalSection(SolutionProperties) = preSolution
		HideSolutionNode = FALSE
	EndGlobalSection
	GlobalSection(ExtensibilityGlobals) = postSolution
		SolutionGuid = {349AF4EA-3206-4278-9ACF-AB68FF96F6F3}
	EndGlobalSection
EndGlobal
